{
  "version": 4,
  "terraform_version": "1.8.5",
  "serial": 6,
  "lineage": "2810d9d9-9c39-fa42-25ed-c932345a491f",
  "outputs": {},
  "resources": [
    {
      "mode": "managed",
      "type": "aws_instance",
      "name": "example_instance",
      "provider": "provider[\"registry.terraform.io/hashicorp/aws\"]",
      "instances": [
        {
          "schema_version": 1,
          "attributes": {
            "ami": "ami-08a0d1e16fc3f61ea",
            "arn": "arn:aws:ec2:us-east-1:471112972774:instance/i-07e14446c7e5aa27b",
            "associate_public_ip_address": true,
            "availability_zone": "us-east-1d",
            "capacity_reservation_specification": [
              {
                "capacity_reservation_preference": "open",
                "capacity_reservation_target": []
              }
            ],
            "cpu_core_count": 1,
            "cpu_options": [
              {
                "amd_sev_snp": "",
                "core_count": 1,
                "threads_per_core": 1
              }
            ],
            "cpu_threads_per_core": 1,
            "credit_specification": [
              {
                "cpu_credits": "standard"
              }
            ],
            "disable_api_stop": false,
            "disable_api_termination": false,
            "ebs_block_device": [],
            "ebs_optimized": false,
            "enclave_options": [
              {
                "enabled": false
              }
            ],
            "ephemeral_block_device": [],
            "get_password_data": false,
            "hibernation": false,
            "host_id": "",
            "host_resource_group_arn": null,
            "iam_instance_profile": "",
            "id": "i-07e14446c7e5aa27b",
            "instance_initiated_shutdown_behavior": "stop",
            "instance_lifecycle": "",
            "instance_market_options": [],
            "instance_state": "running",
            "instance_type": "t2.micro",
            "ipv6_address_count": 0,
            "ipv6_addresses": [],
            "key_name": "satrun",
            "launch_template": [],
            "maintenance_options": [
              {
                "auto_recovery": "default"
              }
            ],
            "metadata_options": [
              {
                "http_endpoint": "enabled",
                "http_protocol_ipv6": "disabled",
                "http_put_response_hop_limit": 2,
                "http_tokens": "required",
                "instance_metadata_tags": "disabled"
              }
            ],
            "monitoring": false,
            "network_interface": [],
            "outpost_arn": "",
            "password_data": "",
            "placement_group": "",
            "placement_partition_number": 0,
            "primary_network_interface_id": "eni-06716ae3ef15d1754",
            "private_dns": "ip-172-31-21-15.ec2.internal",
            "private_dns_name_options": [
              {
                "enable_resource_name_dns_a_record": false,
                "enable_resource_name_dns_aaaa_record": false,
                "hostname_type": "ip-name"
              }
            ],
            "private_ip": "172.31.21.15",
            "public_dns": "ec2-54-90-228-91.compute-1.amazonaws.com",
            "public_ip": "54.90.228.91",
            "root_block_device": [
              {
                "delete_on_termination": true,
                "device_name": "/dev/xvda",
                "encrypted": false,
                "iops": 3000,
                "kms_key_id": "",
                "tags": {},
                "tags_all": {},
                "throughput": 125,
                "volume_id": "vol-01160993aaa46aa24",
                "volume_size": 8,
                "volume_type": "gp3"
              }
            ],
            "secondary_private_ips": [],
            "security_groups": [
              "satrun-security-group"
            ],
            "source_dest_check": true,
            "spot_instance_request_id": "",
            "subnet_id": "subnet-04c6f636afbce413d",
            "tags": {
              "Name": "satrun-instance"
            },
            "tags_all": {
              "Name": "satrun-instance"
            },
            "tenancy": "default",
            "timeouts": null,
            "user_data": null,
            "user_data_base64": null,
            "user_data_replace_on_change": false,
            "volume_tags": null,
            "vpc_security_group_ids": [
              "sg-0c36499fb133b60c0"
            ]
          },
          "sensitive_attributes": [],
          "private": "eyJlMmJmYjczMC1lY2FhLTExZTYtOGY4OC0zNDM2M2JjN2M0YzAiOnsiY3JlYXRlIjo2MDAwMDAwMDAwMDAsImRlbGV0ZSI6MTIwMDAwMDAwMDAwMCwicmVhZCI6OTAwMDAwMDAwMDAwLCJ1cGRhdGUiOjYwMDAwMDAwMDAwMH0sInNjaGVtYV92ZXJzaW9uIjoiMSJ9",
          "dependencies": [
            "aws_key_pair.example_keypair",
            "aws_security_group.example_security_group",
            "tls_private_key.example_keypair"
          ]
        }
      ]
    },
    {
      "mode": "managed",
      "type": "aws_key_pair",
      "name": "example_keypair",
      "provider": "provider[\"registry.terraform.io/hashicorp/aws\"]",
      "instances": [
        {
          "schema_version": 1,
          "attributes": {
            "arn": "arn:aws:ec2:us-east-1:471112972774:key-pair/satrun",
            "fingerprint": "57:fb:39:c0:20:36:99:d4:9a:d2:46:18:d6:6b:c7:cb",
            "id": "satrun",
            "key_name": "satrun",
            "key_name_prefix": "",
            "key_pair_id": "key-00c1e320a56252e09",
            "key_type": "rsa",
            "public_key": "ssh-rsa AAAAB3NzaC1yc2EAAAADAQABAAABAQDBAhJ5JKe9xC4fUUwOcS2NSScaYVSwRUcU7Vv3pu8qt0Tv4Rx2/emS2FCCKE/4cmf+zkiJAdZJXZsQaFMSr4bvOIVJGhtRqq1mh6V22rU/z2q857t7o+GYS9wZduivVXiavlC78bRwh6tu6PNxQsmzaLeeTHnruwIIMxVmsaP4fLW9JT0iDRPAGW+zNVhD0Tu+8U4+j+it1PzQQUxMdceA9SlSDETFTTt6WRYWTZEXZZVBHY2yF7qqQNEf+tTnT/Rb1Ia3e1Y1crjAsBrTbJuREbSJ680uApwT7wNaGoeY7cGAMqSAPlGC/M4nX/rC9rY7nIucawKDn8+1bxae8Cjx",
            "tags": null,
            "tags_all": {}
          },
          "sensitive_attributes": [],
          "private": "eyJzY2hlbWFfdmVyc2lvbiI6IjEifQ==",
          "dependencies": [
            "tls_private_key.example_keypair"
          ]
        }
      ]
    },
    {
      "mode": "managed",
      "type": "aws_security_group",
      "name": "example_security_group",
      "provider": "provider[\"registry.terraform.io/hashicorp/aws\"]",
      "instances": [
        {
          "schema_version": 1,
          "attributes": {
            "arn": "arn:aws:ec2:us-east-1:471112972774:security-group/sg-0c36499fb133b60c0",
            "description": "Example Security Group",
            "egress": [
              {
                "cidr_blocks": [
                  "0.0.0.0/0"
                ],
                "description": "",
                "from_port": 0,
                "ipv6_cidr_blocks": [],
                "prefix_list_ids": [],
                "protocol": "-1",
                "security_groups": [],
                "self": false,
                "to_port": 0
              }
            ],
            "id": "sg-0c36499fb133b60c0",
            "ingress": [
              {
                "cidr_blocks": [
                  "0.0.0.0/0"
                ],
                "description": "",
                "from_port": 22,
                "ipv6_cidr_blocks": [],
                "prefix_list_ids": [],
                "protocol": "tcp",
                "security_groups": [],
                "self": false,
                "to_port": 22
              }
            ],
            "name": "satrun-security-group",
            "name_prefix": "",
            "owner_id": "471112972774",
            "revoke_rules_on_delete": false,
            "tags": null,
            "tags_all": {},
            "timeouts": null,
            "vpc_id": "vpc-02198ccbc637c47b9"
          },
          "sensitive_attributes": [],
          "private": "eyJlMmJmYjczMC1lY2FhLTExZTYtOGY4OC0zNDM2M2JjN2M0YzAiOnsiY3JlYXRlIjo2MDAwMDAwMDAwMDAsImRlbGV0ZSI6OTAwMDAwMDAwMDAwfSwic2NoZW1hX3ZlcnNpb24iOiIxIn0="
        }
      ]
    },
    {
      "mode": "managed",
      "type": "local_file",
      "name": "private_key_file",
      "provider": "provider[\"registry.terraform.io/hashicorp/local\"]",
      "instances": [
        {
          "schema_version": 0,
          "attributes": {
            "content": "-----BEGIN RSA PRIVATE KEY-----\nMIIEpAIBAAKCAQEAwQISeSSnvcQuH1FMDnEtjUknGmFUsEVHFO1b96bvKrdE7+Ec\ndv3pkthQgihP+HJn/s5IiQHWSV2bEGhTEq+G7ziFSRobUaqtZoeldtq1P89qvOe7\ne6PhmEvcGXbor1V4mr5Qu/G0cIerbujzcULJs2i3nkx567sCCDMVZrGj+Hy1vSU9\nIg0TwBlvszVYQ9E7vvFOPo/ordT80EFMTHXHgPUpUgxExU07elkWFk2RF2WVQR2N\nshe6qkDRH/rU50/0W9SGt3tWNXK4wLAa02ybkRG0ievNLgKcE+8DWhqHmO3BgDKk\ngD5RgvzOJ1/6wva2O5yLnGsCg5/PtW8WnvAo8QIDAQABAoIBAQCLuglPpGa/bggJ\n6hwKlIrqrtvdMDtURUMZdmDPIA4jOXxxwOGPj3CKO4nFQJPshD6fbA19ClRs1pRM\nw4nojCQ+iQeNDZZbgBl6kZcLPXhb0rguPAExmEnYrIqR8NCxJkpilIb0GR6NHNrS\nN1kOVNCazqOnuSvGqaLl9r12lAHmAHh3m9ieIFVoF8pE+SAe1xy3s/SmBTqJDbUW\nzy9Bn4KXnSC2tb7OqkjlkGtHBMNvk5+uTnMrTDHgFzLxmPfTNd6EbYP8FVl9UFC6\ns9CrP5f3AbM0ff8YhCzbrksd8/o1aCVrycttRJ28YzeirPb80nLZMKNZTitrq55x\nqw45SX+FAoGBANMfeDf71o/34DwPMmjggeeNl6bWfGtAxMd2A5wYO0EjBtqppm4N\nrlzUR7LdMd+o0QCOsaHwum49rLKPZzmZC41mGpdlR4tr/6F1ces7aEA1OixFcjoj\nUFiTI9n/shIzrGiaIr2NTkeETQgwEDIpoNp2Yihudk1mnQ+DOyR42MyTAoGBAOoI\n3DRYhd3kzbNoQHDAIvkZCfJJ2vjfiwOmVHf7TLOvVnABFbWg5K/0d07n5D0i2eMz\nHp6HGXfN37PVRR5Dqo+TxxDYzVtOx2YessOMr0EgfaTSEt/bn2MuodN1FB3/u5we\ncjzt8OQ8T7fy1Hi6LUHocX2zJX8/qtDqeDEKGurrAoGBAK9p0kURpbBwz4qXRdcF\n0mlFp98jDrU+V0EyuMUVDQaNx8AefP2ruFfAuOHQDwQ6C41fAg//J6c47yhdJfMh\nSgvt7eIkcFFTJk5Mep5r+a5/ixoFiWbsuHEfsAYNATNGY9V1W7AKnCOntSk8ZfiH\nxfI9skjNntWokI63BojDL76pAoGALU1VwtQ35YH6x3Wws6KdonZUVJAzUOWEtUon\nI6qDaGzSYI/1MdlZKy45Qg7lQWhToQUuMiWYqnYxjVAFNxyGEZDbgclVxwzy0DO1\nCuFas1Kkv5jiim6q5boLHTGWmU/9cvT5zA2LCcMa81KQCmaPiCiEf36EDaO3XwVk\nCqoYF80CgYAVzne61Lx5y3zCQIVv4+NVF8lg7hMyhTWW2pEMY6fqr7PfmWDYZ6c6\n51/f6RgObv9mzGBQ1xJGVI1jCe4OEfyDxLx+gEX6QOAxq907Nmnhd9lc0WUEuN1G\nBrXMXacypc4D3u6ErzF3eopdd/mcACP/5g65fxl7DTf3LnvSbeN7qA==\n-----END RSA PRIVATE KEY-----\n",
            "content_base64": null,
            "content_base64sha256": "sX1kjy7m4tC7hFblIlh/m/uw8ZresLtDTP12mpNxdYA=",
            "content_base64sha512": "Sj6o2KC87xuRL6kMvHeAUDDbiYfgqkZNDSygz35tDd/uOdgWlxL85oe2UTCelhaZoHSjWOpTOBh9I5aQlWUodQ==",
            "content_md5": "fb2e295f9fa75dbd3d3c93c46d2eb1a8",
            "content_sha1": "ca0c948ed58ec8ffb1a9fbf6cf304bc75b9eb0ec",
            "content_sha256": "b17d648f2ee6e2d0bb8456e522587f9bfbb0f19adeb0bb434cfd769a93717580",
            "content_sha512": "4a3ea8d8a0bcef1b912fa90cbc77805030db8987e0aa464d0d2ca0cf7e6d0ddfee39d8169712fce687b651309e961699a074a358ea5338187d23969095652875",
            "directory_permission": "0777",
            "file_permission": "0777",
            "filename": "satrun.pem",
            "id": "ca0c948ed58ec8ffb1a9fbf6cf304bc75b9eb0ec",
            "sensitive_content": null,
            "source": null
          },
          "sensitive_attributes": [
            [
              {
                "type": "get_attr",
                "value": "content"
              }
            ],
            [
              {
                "type": "get_attr",
                "value": "sensitive_content"
              }
            ]
          ],
          "dependencies": [
            "tls_private_key.example_keypair"
          ]
        }
      ]
    },
    {
      "mode": "managed",
      "type": "tls_private_key",
      "name": "example_keypair",
      "provider": "provider[\"registry.terraform.io/hashicorp/tls\"]",
      "instances": [
        {
          "schema_version": 1,
          "attributes": {
            "algorithm": "RSA",
            "ecdsa_curve": "P224",
            "id": "63a15689e6a273d370c4ce45894d06feecc661f8",
            "private_key_openssh": "-----BEGIN OPENSSH PRIVATE KEY-----\nb3BlbnNzaC1rZXktdjEAAAAABG5vbmUAAAAEbm9uZQAAAAAAAAABAAABFwAAAAdz\nc2gtcnNhAAAAAwEAAQAAAQEAwQISeSSnvcQuH1FMDnEtjUknGmFUsEVHFO1b96bv\nKrdE7+Ecdv3pkthQgihP+HJn/s5IiQHWSV2bEGhTEq+G7ziFSRobUaqtZoeldtq1\nP89qvOe7e6PhmEvcGXbor1V4mr5Qu/G0cIerbujzcULJs2i3nkx567sCCDMVZrGj\n+Hy1vSU9Ig0TwBlvszVYQ9E7vvFOPo/ordT80EFMTHXHgPUpUgxExU07elkWFk2R\nF2WVQR2Nshe6qkDRH/rU50/0W9SGt3tWNXK4wLAa02ybkRG0ievNLgKcE+8DWhqH\nmO3BgDKkgD5RgvzOJ1/6wva2O5yLnGsCg5/PtW8WnvAo8QAAA7j0AhoT9AIaEwAA\nAAdzc2gtcnNhAAABAQDBAhJ5JKe9xC4fUUwOcS2NSScaYVSwRUcU7Vv3pu8qt0Tv\n4Rx2/emS2FCCKE/4cmf+zkiJAdZJXZsQaFMSr4bvOIVJGhtRqq1mh6V22rU/z2q8\n57t7o+GYS9wZduivVXiavlC78bRwh6tu6PNxQsmzaLeeTHnruwIIMxVmsaP4fLW9\nJT0iDRPAGW+zNVhD0Tu+8U4+j+it1PzQQUxMdceA9SlSDETFTTt6WRYWTZEXZZVB\nHY2yF7qqQNEf+tTnT/Rb1Ia3e1Y1crjAsBrTbJuREbSJ680uApwT7wNaGoeY7cGA\nMqSAPlGC/M4nX/rC9rY7nIucawKDn8+1bxae8CjxAAAAAwEAAQAAAQEAi7oJT6Rm\nv24ICeocCpSK6q7b3TA7VEVDGXZgzyAOIzl8ccDhj49wijuJxUCT7IQ+n2wNfQpU\nbNaUTMOJ6IwkPokHjQ2WW4AZepGXCz14W9K4LjwBMZhJ2KyKkfDQsSZKYpSG9Bke\njRza0jdZDlTQms6jp7krxqmi5fa9dpQB5gB4d5vYniBVaBfKRPkgHtcct7P0pgU6\niQ21Fs8vQZ+Cl50gtrW+zqpI5ZBrRwTDb5Ofrk5zK0wx4Bcy8Zj30zXehG2D/BVZ\nfVBQurPQqz+X9wGzNH3/GIQs265LHfP6NWgla8nLbUSdvGM3oqz2/NJy2TCjWU4r\na6uecasOOUl/hQAAAIAVzne61Lx5y3zCQIVv4+NVF8lg7hMyhTWW2pEMY6fqr7Pf\nmWDYZ6c651/f6RgObv9mzGBQ1xJGVI1jCe4OEfyDxLx+gEX6QOAxq907Nmnhd9lc\n0WUEuN1GBrXMXacypc4D3u6ErzF3eopdd/mcACP/5g65fxl7DTf3LnvSbeN7qAAA\nAIEA0x94N/vWj/fgPA8yaOCB542XptZ8a0DEx3YDnBg7QSMG2qmmbg2uXNRHst0x\n36jRAI6xofC6bj2sso9nOZkLjWYal2VHi2v/oXVx6ztoQDU6LEVyOiNQWJMj2f+y\nEjOsaJoivY1OR4RNCDAQMimg2nZiKG52TWadD4M7JHjYzJMAAACBAOoI3DRYhd3k\nzbNoQHDAIvkZCfJJ2vjfiwOmVHf7TLOvVnABFbWg5K/0d07n5D0i2eMzHp6HGXfN\n37PVRR5Dqo+TxxDYzVtOx2YessOMr0EgfaTSEt/bn2MuodN1FB3/u5wecjzt8OQ8\nT7fy1Hi6LUHocX2zJX8/qtDqeDEKGurrAAAAAAEC\n-----END OPENSSH PRIVATE KEY-----\n",
            "private_key_pem": "-----BEGIN RSA PRIVATE KEY-----\nMIIEpAIBAAKCAQEAwQISeSSnvcQuH1FMDnEtjUknGmFUsEVHFO1b96bvKrdE7+Ec\ndv3pkthQgihP+HJn/s5IiQHWSV2bEGhTEq+G7ziFSRobUaqtZoeldtq1P89qvOe7\ne6PhmEvcGXbor1V4mr5Qu/G0cIerbujzcULJs2i3nkx567sCCDMVZrGj+Hy1vSU9\nIg0TwBlvszVYQ9E7vvFOPo/ordT80EFMTHXHgPUpUgxExU07elkWFk2RF2WVQR2N\nshe6qkDRH/rU50/0W9SGt3tWNXK4wLAa02ybkRG0ievNLgKcE+8DWhqHmO3BgDKk\ngD5RgvzOJ1/6wva2O5yLnGsCg5/PtW8WnvAo8QIDAQABAoIBAQCLuglPpGa/bggJ\n6hwKlIrqrtvdMDtURUMZdmDPIA4jOXxxwOGPj3CKO4nFQJPshD6fbA19ClRs1pRM\nw4nojCQ+iQeNDZZbgBl6kZcLPXhb0rguPAExmEnYrIqR8NCxJkpilIb0GR6NHNrS\nN1kOVNCazqOnuSvGqaLl9r12lAHmAHh3m9ieIFVoF8pE+SAe1xy3s/SmBTqJDbUW\nzy9Bn4KXnSC2tb7OqkjlkGtHBMNvk5+uTnMrTDHgFzLxmPfTNd6EbYP8FVl9UFC6\ns9CrP5f3AbM0ff8YhCzbrksd8/o1aCVrycttRJ28YzeirPb80nLZMKNZTitrq55x\nqw45SX+FAoGBANMfeDf71o/34DwPMmjggeeNl6bWfGtAxMd2A5wYO0EjBtqppm4N\nrlzUR7LdMd+o0QCOsaHwum49rLKPZzmZC41mGpdlR4tr/6F1ces7aEA1OixFcjoj\nUFiTI9n/shIzrGiaIr2NTkeETQgwEDIpoNp2Yihudk1mnQ+DOyR42MyTAoGBAOoI\n3DRYhd3kzbNoQHDAIvkZCfJJ2vjfiwOmVHf7TLOvVnABFbWg5K/0d07n5D0i2eMz\nHp6HGXfN37PVRR5Dqo+TxxDYzVtOx2YessOMr0EgfaTSEt/bn2MuodN1FB3/u5we\ncjzt8OQ8T7fy1Hi6LUHocX2zJX8/qtDqeDEKGurrAoGBAK9p0kURpbBwz4qXRdcF\n0mlFp98jDrU+V0EyuMUVDQaNx8AefP2ruFfAuOHQDwQ6C41fAg//J6c47yhdJfMh\nSgvt7eIkcFFTJk5Mep5r+a5/ixoFiWbsuHEfsAYNATNGY9V1W7AKnCOntSk8ZfiH\nxfI9skjNntWokI63BojDL76pAoGALU1VwtQ35YH6x3Wws6KdonZUVJAzUOWEtUon\nI6qDaGzSYI/1MdlZKy45Qg7lQWhToQUuMiWYqnYxjVAFNxyGEZDbgclVxwzy0DO1\nCuFas1Kkv5jiim6q5boLHTGWmU/9cvT5zA2LCcMa81KQCmaPiCiEf36EDaO3XwVk\nCqoYF80CgYAVzne61Lx5y3zCQIVv4+NVF8lg7hMyhTWW2pEMY6fqr7PfmWDYZ6c6\n51/f6RgObv9mzGBQ1xJGVI1jCe4OEfyDxLx+gEX6QOAxq907Nmnhd9lc0WUEuN1G\nBrXMXacypc4D3u6ErzF3eopdd/mcACP/5g65fxl7DTf3LnvSbeN7qA==\n-----END RSA PRIVATE KEY-----\n",
            "private_key_pem_pkcs8": "-----BEGIN PRIVATE KEY-----\nMIIEvgIBADANBgkqhkiG9w0BAQEFAASCBKgwggSkAgEAAoIBAQDBAhJ5JKe9xC4f\nUUwOcS2NSScaYVSwRUcU7Vv3pu8qt0Tv4Rx2/emS2FCCKE/4cmf+zkiJAdZJXZsQ\naFMSr4bvOIVJGhtRqq1mh6V22rU/z2q857t7o+GYS9wZduivVXiavlC78bRwh6tu\n6PNxQsmzaLeeTHnruwIIMxVmsaP4fLW9JT0iDRPAGW+zNVhD0Tu+8U4+j+it1PzQ\nQUxMdceA9SlSDETFTTt6WRYWTZEXZZVBHY2yF7qqQNEf+tTnT/Rb1Ia3e1Y1crjA\nsBrTbJuREbSJ680uApwT7wNaGoeY7cGAMqSAPlGC/M4nX/rC9rY7nIucawKDn8+1\nbxae8CjxAgMBAAECggEBAIu6CU+kZr9uCAnqHAqUiuqu290wO1RFQxl2YM8gDiM5\nfHHA4Y+PcIo7icVAk+yEPp9sDX0KVGzWlEzDieiMJD6JB40NlluAGXqRlws9eFvS\nuC48ATGYSdisipHw0LEmSmKUhvQZHo0c2tI3WQ5U0JrOo6e5K8apouX2vXaUAeYA\neHeb2J4gVWgXykT5IB7XHLez9KYFOokNtRbPL0GfgpedILa1vs6qSOWQa0cEw2+T\nn65OcytMMeAXMvGY99M13oRtg/wVWX1QULqz0Ks/l/cBszR9/xiELNuuSx3z+jVo\nJWvJy21EnbxjN6Ks9vzSctkwo1lOK2urnnGrDjlJf4UCgYEA0x94N/vWj/fgPA8y\naOCB542XptZ8a0DEx3YDnBg7QSMG2qmmbg2uXNRHst0x36jRAI6xofC6bj2sso9n\nOZkLjWYal2VHi2v/oXVx6ztoQDU6LEVyOiNQWJMj2f+yEjOsaJoivY1OR4RNCDAQ\nMimg2nZiKG52TWadD4M7JHjYzJMCgYEA6gjcNFiF3eTNs2hAcMAi+RkJ8kna+N+L\nA6ZUd/tMs69WcAEVtaDkr/R3TufkPSLZ4zMenocZd83fs9VFHkOqj5PHENjNW07H\nZh6yw4yvQSB9pNIS39ufYy6h03UUHf+7nB5yPO3w5DxPt/LUeLotQehxfbMlfz+q\n0Op4MQoa6usCgYEAr2nSRRGlsHDPipdF1wXSaUWn3yMOtT5XQTK4xRUNBo3HwB58\n/au4V8C44dAPBDoLjV8CD/8npzjvKF0l8yFKC+3t4iRwUVMmTkx6nmv5rn+LGgWJ\nZuy4cR+wBg0BM0Zj1XVbsAqcI6e1KTxl+IfF8j2ySM2e1aiQjrcGiMMvvqkCgYAt\nTVXC1DflgfrHdbCzop2idlRUkDNQ5YS1SicjqoNobNJgj/Ux2VkrLjlCDuVBaFOh\nBS4yJZiqdjGNUAU3HIYRkNuByVXHDPLQM7UK4VqzUqS/mOKKbqrlugsdMZaZT/1y\n9PnMDYsJwxrzUpAKZo+IKIR/foQNo7dfBWQKqhgXzQKBgBXOd7rUvHnLfMJAhW/j\n41UXyWDuEzKFNZbakQxjp+qvs9+ZYNhnpzrnX9/pGA5u/2bMYFDXEkZUjWMJ7g4R\n/IPEvH6ARfpA4DGr3Ts2aeF32VzRZQS43UYGtcxdpzKlzgPe7oSvMXd6il13+ZwA\nI//mDrl/GXsNN/cue9Jt43uo\n-----END PRIVATE KEY-----\n",
            "public_key_fingerprint_md5": "fb:49:7b:d6:82:70:ff:03:3e:d2:72:68:bd:8a:72:6f",
            "public_key_fingerprint_sha256": "SHA256:ZntiZOlXS/EFm2gQwJxSANhp8MO63ZIp1AVBQz5lvQM",
            "public_key_openssh": "ssh-rsa AAAAB3NzaC1yc2EAAAADAQABAAABAQDBAhJ5JKe9xC4fUUwOcS2NSScaYVSwRUcU7Vv3pu8qt0Tv4Rx2/emS2FCCKE/4cmf+zkiJAdZJXZsQaFMSr4bvOIVJGhtRqq1mh6V22rU/z2q857t7o+GYS9wZduivVXiavlC78bRwh6tu6PNxQsmzaLeeTHnruwIIMxVmsaP4fLW9JT0iDRPAGW+zNVhD0Tu+8U4+j+it1PzQQUxMdceA9SlSDETFTTt6WRYWTZEXZZVBHY2yF7qqQNEf+tTnT/Rb1Ia3e1Y1crjAsBrTbJuREbSJ680uApwT7wNaGoeY7cGAMqSAPlGC/M4nX/rC9rY7nIucawKDn8+1bxae8Cjx\n",
            "public_key_pem": "-----BEGIN PUBLIC KEY-----\nMIIBIjANBgkqhkiG9w0BAQEFAAOCAQ8AMIIBCgKCAQEAwQISeSSnvcQuH1FMDnEt\njUknGmFUsEVHFO1b96bvKrdE7+Ecdv3pkthQgihP+HJn/s5IiQHWSV2bEGhTEq+G\n7ziFSRobUaqtZoeldtq1P89qvOe7e6PhmEvcGXbor1V4mr5Qu/G0cIerbujzcULJ\ns2i3nkx567sCCDMVZrGj+Hy1vSU9Ig0TwBlvszVYQ9E7vvFOPo/ordT80EFMTHXH\ngPUpUgxExU07elkWFk2RF2WVQR2Nshe6qkDRH/rU50/0W9SGt3tWNXK4wLAa02yb\nkRG0ievNLgKcE+8DWhqHmO3BgDKkgD5RgvzOJ1/6wva2O5yLnGsCg5/PtW8WnvAo\n8QIDAQAB\n-----END PUBLIC KEY-----\n",
            "rsa_bits": 2048
          },
          "sensitive_attributes": [
            [
              {
                "type": "get_attr",
                "value": "private_key_openssh"
              }
            ],
            [
              {
                "type": "get_attr",
                "value": "private_key_pem_pkcs8"
              }
            ],
            [
              {
                "type": "get_attr",
                "value": "private_key_pem"
              }
            ]
          ]
        }
      ]
    }
  ],
  "check_results": null
}
